// !$*UTF8*$!
{
	archiveVersion = 1;
	classes = {
	};
	objectVersion = 55;
	objects = {

/* Begin PBXBuildFile section */
		379BA0E0C214B0DC73DC6632 /* Pods_ServicesApp.framework in Frameworks */ = {isa = PBXBuildFile; fileRef = D190BE38A46B5CCEFA007495 /* Pods_ServicesApp.framework */; };
		95034C6527765C40006E37CD /* AppDelegate.swift in Sources */ = {isa = PBXBuildFile; fileRef = 95034C6427765C40006E37CD /* AppDelegate.swift */; };
		95034C6727765C40006E37CD /* SceneDelegate.swift in Sources */ = {isa = PBXBuildFile; fileRef = 95034C6627765C40006E37CD /* SceneDelegate.swift */; };
		95034C6927765C40006E37CD /* LandingViewController.swift in Sources */ = {isa = PBXBuildFile; fileRef = 95034C6827765C40006E37CD /* LandingViewController.swift */; };
		95034C6C27765C40006E37CD /* Main.storyboard in Resources */ = {isa = PBXBuildFile; fileRef = 95034C6A27765C40006E37CD /* Main.storyboard */; };
		95034C6E27765C43006E37CD /* Assets.xcassets in Resources */ = {isa = PBXBuildFile; fileRef = 95034C6D27765C43006E37CD /* Assets.xcassets */; };
		95034C7127765C43006E37CD /* LaunchScreen.storyboard in Resources */ = {isa = PBXBuildFile; fileRef = 95034C6F27765C43006E37CD /* LaunchScreen.storyboard */; };
		95034C7C277745A3006E37CD /* GoogleService-Info.plist in Resources */ = {isa = PBXBuildFile; fileRef = 95034C7B277745A3006E37CD /* GoogleService-Info.plist */; };
		95034C7E27774B41006E37CD /* LoginViewController.swift in Sources */ = {isa = PBXBuildFile; fileRef = 95034C7D27774B41006E37CD /* LoginViewController.swift */; };
		95034C8027774B6E006E37CD /* RegistrationViewController.swift in Sources */ = {isa = PBXBuildFile; fileRef = 95034C7F27774B6E006E37CD /* RegistrationViewController.swift */; };
		95034C85277789DA006E37CD /* Localization.strings in Resources */ = {isa = PBXBuildFile; fileRef = 95034C87277789DA006E37CD /* Localization.strings */; };
		95034C8A27778AE9006E37CD /* BundleExtention.swift in Sources */ = {isa = PBXBuildFile; fileRef = 95034C8927778AE9006E37CD /* BundleExtention.swift */; };
		95034C8C27778B49006E37CD /* ChangeLanguage.swift in Sources */ = {isa = PBXBuildFile; fileRef = 95034C8B27778B49006E37CD /* ChangeLanguage.swift */; };
		95034C8F27778F53006E37CD /* LodingImage.swift in Sources */ = {isa = PBXBuildFile; fileRef = 95034C8E27778F53006E37CD /* LodingImage.swift */; };
		95034CB82778617B006E37CD /* User.swift in Sources */ = {isa = PBXBuildFile; fileRef = 95034CB72778617B006E37CD /* User.swift */; };
		95034CBA2778618A006E37CD /* Service.swift in Sources */ = {isa = PBXBuildFile; fileRef = 95034CB92778618A006E37CD /* Service.swift */; };
		95034CBC277861AA006E37CD /* Request.swift in Sources */ = {isa = PBXBuildFile; fileRef = 95034CBB277861AA006E37CD /* Request.swift */; };
		95034CBE27789578006E37CD /* RequestDetailsViewController.swift in Sources */ = {isa = PBXBuildFile; fileRef = 95034CBD27789578006E37CD /* RequestDetailsViewController.swift */; };
		95034CC02778BC06006E37CD /* UserRequestsViewController.swift in Sources */ = {isa = PBXBuildFile; fileRef = 95034CBF2778BC06006E37CD /* UserRequestsViewController.swift */; };
		95034CC22778C449006E37CD /* ServicesViewController.swift in Sources */ = {isa = PBXBuildFile; fileRef = 95034CC12778C449006E37CD /* ServicesViewController.swift */; };
		95034CC42778C4AE006E37CD /* ServiceCollectionViewCell.swift in Sources */ = {isa = PBXBuildFile; fileRef = 95034CC32778C4AE006E37CD /* ServiceCollectionViewCell.swift */; };
		95034CC62778D7CB006E37CD /* ServiceSelectionViewController.swift in Sources */ = {isa = PBXBuildFile; fileRef = 95034CC52778D7CB006E37CD /* ServiceSelectionViewController.swift */; };
		95034CC82778DBEE006E37CD /* ServiceSelectionTableViewCell.swift in Sources */ = {isa = PBXBuildFile; fileRef = 95034CC72778DBEE006E37CD /* ServiceSelectionTableViewCell.swift */; };
		95034CCA2778E7A5006E37CD /* UserProfileViewController.swift in Sources */ = {isa = PBXBuildFile; fileRef = 95034CC92778E7A5006E37CD /* UserProfileViewController.swift */; };
		95034CCC2778F3D5006E37CD /* ServiceProvidersViewController.swift in Sources */ = {isa = PBXBuildFile; fileRef = 95034CCB2778F3D5006E37CD /* ServiceProvidersViewController.swift */; };
		95034CCE2779B250006E37CD /* README.md in Resources */ = {isa = PBXBuildFile; fileRef = 95034CCD2779B250006E37CD /* README.md */; };
		95034CD02779B2B9006E37CD /* .gitignore in Resources */ = {isa = PBXBuildFile; fileRef = 95034CCF2779B2B8006E37CD /* .gitignore */; };
		950F1B8627846B43005C92D1 /* HamburgerMenuViewController.swift in Sources */ = {isa = PBXBuildFile; fileRef = 950F1B8527846B43005C92D1 /* HamburgerMenuViewController.swift */; };
		950F1B882784D5B4005C92D1 /* ProviderTabBarViewController.swift in Sources */ = {isa = PBXBuildFile; fileRef = 950F1B872784D5B4005C92D1 /* ProviderTabBarViewController.swift */; };
		950F1B8A2784D7BB005C92D1 /* RequesterTabBarViewController.swift in Sources */ = {isa = PBXBuildFile; fileRef = 950F1B892784D7BB005C92D1 /* RequesterTabBarViewController.swift */; };
		950F1B8C2785F6F6005C92D1 /* AddServicesViewController.swift in Sources */ = {isa = PBXBuildFile; fileRef = 950F1B8B2785F6F6005C92D1 /* AddServicesViewController.swift */; };
		9515C524277D8A8500205358 /* EditProfileViewController.swift in Sources */ = {isa = PBXBuildFile; fileRef = 9515C523277D8A8500205358 /* EditProfileViewController.swift */; };
		9515C526277E29D400205358 /* ResetPasswordViewController.swift in Sources */ = {isa = PBXBuildFile; fileRef = 9515C525277E29D300205358 /* ResetPasswordViewController.swift */; };
		95293030278DD06D00B000A9 /* ReviewProviderViewController.swift in Sources */ = {isa = PBXBuildFile; fileRef = 9529302F278DD06D00B000A9 /* ReviewProviderViewController.swift */; };
		95471D41279C6EAA0033BA6E /* Lottie in Frameworks */ = {isa = PBXBuildFile; productRef = 95471D40279C6EAA0033BA6E /* Lottie */; };
		95471D43279C6EAA0033BA6E /* _LottieCore in Frameworks */ = {isa = PBXBuildFile; productRef = 95471D42279C6EAA0033BA6E /* _LottieCore */; };
		95471D47279C73CC0033BA6E /* map.json in Resources */ = {isa = PBXBuildFile; fileRef = 95471D46279C73CC0033BA6E /* map.json */; };
		95471D49279C81320033BA6E /* deliveryservice.json in Resources */ = {isa = PBXBuildFile; fileRef = 95471D48279C81320033BA6E /* deliveryservice.json */; };
		95471D4B279C8A210033BA6E /* Information.swift in Sources */ = {isa = PBXBuildFile; fileRef = 95471D4A279C8A210033BA6E /* Information.swift */; };
		95471D4F279C8B5B0033BA6E /* send.json in Resources */ = {isa = PBXBuildFile; fileRef = 95471D4C279C8B5B0033BA6E /* send.json */; };
		95471D50279C8B5B0033BA6E /* conversation.json in Resources */ = {isa = PBXBuildFile; fileRef = 95471D4D279C8B5B0033BA6E /* conversation.json */; };
		95471D51279C8B5B0033BA6E /* choose.json in Resources */ = {isa = PBXBuildFile; fileRef = 95471D4E279C8B5B0033BA6E /* choose.json */; };
		955042D92786ECB4002A0071 /* Activity.swift in Sources */ = {isa = PBXBuildFile; fileRef = 955042D82786ECB4002A0071 /* Activity.swift */; };
		955042DB2786ECE4002A0071 /* Alert.swift in Sources */ = {isa = PBXBuildFile; fileRef = 955042DA2786ECE4002A0071 /* Alert.swift */; };
		955042DD27870F84002A0071 /* ChatTableViewCell.swift in Sources */ = {isa = PBXBuildFile; fileRef = 955042DC27870F84002A0071 /* ChatTableViewCell.swift */; };
		957391A1279C4FD6006E5119 /* RequestsViewController.swift in Sources */ = {isa = PBXBuildFile; fileRef = 957391A0279C4FD6006E5119 /* RequestsViewController.swift */; };
		9576FF8E277F5D7F00E1F583 /* CLLocation.swift in Sources */ = {isa = PBXBuildFile; fileRef = 9576FF8D277F5D7F00E1F583 /* CLLocation.swift */; };
		95A7AE8A279338C600E07281 /* AMKeyboardFrameTracker in Frameworks */ = {isa = PBXBuildFile; productRef = 95A7AE89279338C600E07281 /* AMKeyboardFrameTracker */; };
		95B01C3B278C803A00FCD909 /* IQKeyboardManagerSwift in Frameworks */ = {isa = PBXBuildFile; productRef = 95B01C3A278C803A00FCD909 /* IQKeyboardManagerSwift */; };
		95B01C41278C820800FCD909 /* FirebaseAuth in Frameworks */ = {isa = PBXBuildFile; productRef = 95B01C40278C820800FCD909 /* FirebaseAuth */; };
		95B01C43278C820800FCD909 /* FirebaseFirestore in Frameworks */ = {isa = PBXBuildFile; productRef = 95B01C42278C820800FCD909 /* FirebaseFirestore */; };
		95B01C45278C820800FCD909 /* FirebaseStorage in Frameworks */ = {isa = PBXBuildFile; productRef = 95B01C44278C820800FCD909 /* FirebaseStorage */; };
		95B8322C2780C51600D674C4 /* ChatViewController.swift in Sources */ = {isa = PBXBuildFile; fileRef = 95B8322B2780C51600D674C4 /* ChatViewController.swift */; };
		95B8322E2780C88D00D674C4 /* Message.swift in Sources */ = {isa = PBXBuildFile; fileRef = 95B8322D2780C88D00D674C4 /* Message.swift */; };
		95CD0ADA278C8D9F00C0BEF5 /* TableView.swift in Sources */ = {isa = PBXBuildFile; fileRef = 95CD0AD9278C8D9F00C0BEF5 /* TableView.swift */; };
/* End PBXBuildFile section */

/* Begin PBXFileReference section */
		544BD651AB6403A281A29773 /* Pods-ServicesApp.debug.xcconfig */ = {isa = PBXFileReference; includeInIndex = 1; lastKnownFileType = text.xcconfig; name = "Pods-ServicesApp.debug.xcconfig"; path = "Target Support Files/Pods-ServicesApp/Pods-ServicesApp.debug.xcconfig"; sourceTree = "<group>"; };
		792A4AA6456567611713758F /* Pods-ServicesApp.release.xcconfig */ = {isa = PBXFileReference; includeInIndex = 1; lastKnownFileType = text.xcconfig; name = "Pods-ServicesApp.release.xcconfig"; path = "Target Support Files/Pods-ServicesApp/Pods-ServicesApp.release.xcconfig"; sourceTree = "<group>"; };
		95034C6127765C40006E37CD /* ServicesApp.app */ = {isa = PBXFileReference; explicitFileType = wrapper.application; includeInIndex = 0; path = ServicesApp.app; sourceTree = BUILT_PRODUCTS_DIR; };
		95034C6427765C40006E37CD /* AppDelegate.swift */ = {isa = PBXFileReference; lastKnownFileType = sourcecode.swift; path = AppDelegate.swift; sourceTree = "<group>"; };
		95034C6627765C40006E37CD /* SceneDelegate.swift */ = {isa = PBXFileReference; lastKnownFileType = sourcecode.swift; path = SceneDelegate.swift; sourceTree = "<group>"; };
		95034C6827765C40006E37CD /* LandingViewController.swift */ = {isa = PBXFileReference; lastKnownFileType = sourcecode.swift; path = LandingViewController.swift; sourceTree = "<group>"; };
		95034C6B27765C40006E37CD /* Base */ = {isa = PBXFileReference; lastKnownFileType = file.storyboard; name = Base; path = Base.lproj/Main.storyboard; sourceTree = "<group>"; };
		95034C6D27765C43006E37CD /* Assets.xcassets */ = {isa = PBXFileReference; lastKnownFileType = folder.assetcatalog; path = Assets.xcassets; sourceTree = "<group>"; };
		95034C7027765C43006E37CD /* Base */ = {isa = PBXFileReference; lastKnownFileType = file.storyboard; name = Base; path = Base.lproj/LaunchScreen.storyboard; sourceTree = "<group>"; };
		95034C7227765C43006E37CD /* Info.plist */ = {isa = PBXFileReference; lastKnownFileType = text.plist.xml; path = Info.plist; sourceTree = "<group>"; };
		95034C7B277745A3006E37CD /* GoogleService-Info.plist */ = {isa = PBXFileReference; fileEncoding = 4; lastKnownFileType = text.plist.xml; path = "GoogleService-Info.plist"; sourceTree = "<group>"; };
		95034C7D27774B41006E37CD /* LoginViewController.swift */ = {isa = PBXFileReference; lastKnownFileType = sourcecode.swift; path = LoginViewController.swift; sourceTree = "<group>"; };
		95034C7F27774B6E006E37CD /* RegistrationViewController.swift */ = {isa = PBXFileReference; lastKnownFileType = sourcecode.swift; path = RegistrationViewController.swift; sourceTree = "<group>"; };
		95034C8127778957006E37CD /* ar */ = {isa = PBXFileReference; lastKnownFileType = text.plist.strings; name = ar; path = ar.lproj/Main.strings; sourceTree = "<group>"; };
		95034C8227778958006E37CD /* ar */ = {isa = PBXFileReference; lastKnownFileType = text.plist.strings; name = ar; path = ar.lproj/LaunchScreen.strings; sourceTree = "<group>"; };
		95034C86277789DA006E37CD /* ar */ = {isa = PBXFileReference; lastKnownFileType = text.plist.strings; name = ar; path = ar.lproj/Localization.strings; sourceTree = "<group>"; };
		95034C88277789DB006E37CD /* en */ = {isa = PBXFileReference; lastKnownFileType = text.plist.strings; name = en; path = en.lproj/Localization.strings; sourceTree = "<group>"; };
		95034C8927778AE9006E37CD /* BundleExtention.swift */ = {isa = PBXFileReference; lastKnownFileType = sourcecode.swift; path = BundleExtention.swift; sourceTree = "<group>"; };
		95034C8B27778B49006E37CD /* ChangeLanguage.swift */ = {isa = PBXFileReference; lastKnownFileType = sourcecode.swift; path = ChangeLanguage.swift; sourceTree = "<group>"; };
		95034C8E27778F53006E37CD /* LodingImage.swift */ = {isa = PBXFileReference; lastKnownFileType = sourcecode.swift; path = LodingImage.swift; sourceTree = "<group>"; };
		95034CB72778617B006E37CD /* User.swift */ = {isa = PBXFileReference; lastKnownFileType = sourcecode.swift; path = User.swift; sourceTree = "<group>"; };
		95034CB92778618A006E37CD /* Service.swift */ = {isa = PBXFileReference; lastKnownFileType = sourcecode.swift; path = Service.swift; sourceTree = "<group>"; };
		95034CBB277861AA006E37CD /* Request.swift */ = {isa = PBXFileReference; lastKnownFileType = sourcecode.swift; path = Request.swift; sourceTree = "<group>"; };
		95034CBD27789578006E37CD /* RequestDetailsViewController.swift */ = {isa = PBXFileReference; lastKnownFileType = sourcecode.swift; path = RequestDetailsViewController.swift; sourceTree = "<group>"; };
		95034CBF2778BC06006E37CD /* UserRequestsViewController.swift */ = {isa = PBXFileReference; lastKnownFileType = sourcecode.swift; path = UserRequestsViewController.swift; sourceTree = "<group>"; };
		95034CC12778C449006E37CD /* ServicesViewController.swift */ = {isa = PBXFileReference; lastKnownFileType = sourcecode.swift; path = ServicesViewController.swift; sourceTree = "<group>"; };
		95034CC32778C4AE006E37CD /* ServiceCollectionViewCell.swift */ = {isa = PBXFileReference; lastKnownFileType = sourcecode.swift; path = ServiceCollectionViewCell.swift; sourceTree = "<group>"; };
		95034CC52778D7CB006E37CD /* ServiceSelectionViewController.swift */ = {isa = PBXFileReference; lastKnownFileType = sourcecode.swift; path = ServiceSelectionViewController.swift; sourceTree = "<group>"; };
		95034CC72778DBEE006E37CD /* ServiceSelectionTableViewCell.swift */ = {isa = PBXFileReference; lastKnownFileType = sourcecode.swift; path = ServiceSelectionTableViewCell.swift; sourceTree = "<group>"; };
		95034CC92778E7A5006E37CD /* UserProfileViewController.swift */ = {isa = PBXFileReference; lastKnownFileType = sourcecode.swift; path = UserProfileViewController.swift; sourceTree = "<group>"; };
		95034CCB2778F3D5006E37CD /* ServiceProvidersViewController.swift */ = {isa = PBXFileReference; lastKnownFileType = sourcecode.swift; path = ServiceProvidersViewController.swift; sourceTree = "<group>"; };
		95034CCD2779B250006E37CD /* README.md */ = {isa = PBXFileReference; fileEncoding = 4; lastKnownFileType = net.daringfireball.markdown; name = README.md; path = ../README.md; sourceTree = "<group>"; };
		95034CCF2779B2B8006E37CD /* .gitignore */ = {isa = PBXFileReference; fileEncoding = 4; lastKnownFileType = text; name = .gitignore; path = ../.gitignore; sourceTree = "<group>"; };
		950F1B8527846B43005C92D1 /* HamburgerMenuViewController.swift */ = {isa = PBXFileReference; lastKnownFileType = sourcecode.swift; path = HamburgerMenuViewController.swift; sourceTree = "<group>"; };
		950F1B872784D5B4005C92D1 /* ProviderTabBarViewController.swift */ = {isa = PBXFileReference; lastKnownFileType = sourcecode.swift; path = ProviderTabBarViewController.swift; sourceTree = "<group>"; };
		950F1B892784D7BB005C92D1 /* RequesterTabBarViewController.swift */ = {isa = PBXFileReference; lastKnownFileType = sourcecode.swift; path = RequesterTabBarViewController.swift; sourceTree = "<group>"; };
		950F1B8B2785F6F6005C92D1 /* AddServicesViewController.swift */ = {isa = PBXFileReference; lastKnownFileType = sourcecode.swift; path = AddServicesViewController.swift; sourceTree = "<group>"; };
		9515C523277D8A8500205358 /* EditProfileViewController.swift */ = {isa = PBXFileReference; lastKnownFileType = sourcecode.swift; path = EditProfileViewController.swift; sourceTree = "<group>"; };
		9515C525277E29D300205358 /* ResetPasswordViewController.swift */ = {isa = PBXFileReference; lastKnownFileType = sourcecode.swift; path = ResetPasswordViewController.swift; sourceTree = "<group>"; };
		9529302F278DD06D00B000A9 /* ReviewProviderViewController.swift */ = {isa = PBXFileReference; lastKnownFileType = sourcecode.swift; path = ReviewProviderViewController.swift; sourceTree = "<group>"; };
		95471D46279C73CC0033BA6E /* map.json */ = {isa = PBXFileReference; fileEncoding = 4; lastKnownFileType = text.json; name = map.json; path = ../../../../../../Downloads/map.json; sourceTree = "<group>"; };
		95471D48279C81320033BA6E /* deliveryservice.json */ = {isa = PBXFileReference; fileEncoding = 4; lastKnownFileType = text.json; path = deliveryservice.json; sourceTree = "<group>"; };
		95471D4A279C8A210033BA6E /* Information.swift */ = {isa = PBXFileReference; lastKnownFileType = sourcecode.swift; path = Information.swift; sourceTree = "<group>"; };
		95471D4C279C8B5B0033BA6E /* send.json */ = {isa = PBXFileReference; fileEncoding = 4; lastKnownFileType = text.json; path = send.json; sourceTree = "<group>"; };
		95471D4D279C8B5B0033BA6E /* conversation.json */ = {isa = PBXFileReference; fileEncoding = 4; lastKnownFileType = text.json; path = conversation.json; sourceTree = "<group>"; };
		95471D4E279C8B5B0033BA6E /* choose.json */ = {isa = PBXFileReference; fileEncoding = 4; lastKnownFileType = text.json; path = choose.json; sourceTree = "<group>"; };
		955042D82786ECB4002A0071 /* Activity.swift */ = {isa = PBXFileReference; lastKnownFileType = sourcecode.swift; path = Activity.swift; sourceTree = "<group>"; };
		955042DA2786ECE4002A0071 /* Alert.swift */ = {isa = PBXFileReference; lastKnownFileType = sourcecode.swift; path = Alert.swift; sourceTree = "<group>"; };
		955042DC27870F84002A0071 /* ChatTableViewCell.swift */ = {isa = PBXFileReference; lastKnownFileType = sourcecode.swift; path = ChatTableViewCell.swift; sourceTree = "<group>"; };
		957391A0279C4FD6006E5119 /* RequestsViewController.swift */ = {isa = PBXFileReference; lastKnownFileType = sourcecode.swift; path = RequestsViewController.swift; sourceTree = "<group>"; };
		9576FF8D277F5D7F00E1F583 /* CLLocation.swift */ = {isa = PBXFileReference; lastKnownFileType = sourcecode.swift; path = CLLocation.swift; sourceTree = "<group>"; };
		95B8322B2780C51600D674C4 /* ChatViewController.swift */ = {isa = PBXFileReference; lastKnownFileType = sourcecode.swift; path = ChatViewController.swift; sourceTree = "<group>"; };
		95B8322D2780C88D00D674C4 /* Message.swift */ = {isa = PBXFileReference; lastKnownFileType = sourcecode.swift; path = Message.swift; sourceTree = "<group>"; };
		95CD0AD9278C8D9F00C0BEF5 /* TableView.swift */ = {isa = PBXFileReference; lastKnownFileType = sourcecode.swift; path = TableView.swift; sourceTree = "<group>"; };
		95F2E2A8277C55720066D83C /* ServicesApp.entitlements */ = {isa = PBXFileReference; lastKnownFileType = text.plist.entitlements; path = ServicesApp.entitlements; sourceTree = "<group>"; };
		D190BE38A46B5CCEFA007495 /* Pods_ServicesApp.framework */ = {isa = PBXFileReference; explicitFileType = wrapper.framework; includeInIndex = 0; path = Pods_ServicesApp.framework; sourceTree = BUILT_PRODUCTS_DIR; };
/* End PBXFileReference section */

/* Begin PBXFrameworksBuildPhase section */
		95034C5E27765C40006E37CD /* Frameworks */ = {
			isa = PBXFrameworksBuildPhase;
			buildActionMask = 2147483647;
			files = (
				95A7AE8A279338C600E07281 /* AMKeyboardFrameTracker in Frameworks */,
				95471D41279C6EAA0033BA6E /* Lottie in Frameworks */,
				95B01C3B278C803A00FCD909 /* IQKeyboardManagerSwift in Frameworks */,
				95B01C43278C820800FCD909 /* FirebaseFirestore in Frameworks */,
				95471D43279C6EAA0033BA6E /* _LottieCore in Frameworks */,
				95B01C41278C820800FCD909 /* FirebaseAuth in Frameworks */,
				95B01C45278C820800FCD909 /* FirebaseStorage in Frameworks */,
				379BA0E0C214B0DC73DC6632 /* Pods_ServicesApp.framework in Frameworks */,
			);
			runOnlyForDeploymentPostprocessing = 0;
		};
/* End PBXFrameworksBuildPhase section */

/* Begin PBXGroup section */
		5E524B41EF8A51E0BB2802DA /* Pods */ = {
			isa = PBXGroup;
			children = (
				544BD651AB6403A281A29773 /* Pods-ServicesApp.debug.xcconfig */,
				792A4AA6456567611713758F /* Pods-ServicesApp.release.xcconfig */,
			);
			path = Pods;
			sourceTree = "<group>";
		};
		95034C5827765C40006E37CD = {
			isa = PBXGroup;
			children = (
				95034CCF2779B2B8006E37CD /* .gitignore */,
				95034CCD2779B250006E37CD /* README.md */,
				95034C6327765C40006E37CD /* ServicesApp */,
				95034C6227765C40006E37CD /* Products */,
				5E524B41EF8A51E0BB2802DA /* Pods */,
				C592C9E018646E9C2DBD4C45 /* Frameworks */,
			);
			sourceTree = "<group>";
		};
		95034C6227765C40006E37CD /* Products */ = {
			isa = PBXGroup;
			children = (
				95034C6127765C40006E37CD /* ServicesApp.app */,
			);
			name = Products;
			sourceTree = "<group>";
		};
		95034C6327765C40006E37CD /* ServicesApp */ = {
			isa = PBXGroup;
			children = (
				95F2E2A8277C55720066D83C /* ServicesApp.entitlements */,
				95034C6427765C40006E37CD /* AppDelegate.swift */,
				95034C6627765C40006E37CD /* SceneDelegate.swift */,
				95034C8D27778F1E006E37CD /* Utill */,
				95034C7827766619006E37CD /* Model */,
				95034C7927766635006E37CD /* View */,
				95034C7A27766644006E37CD /* Controller */,
				95034C87277789DA006E37CD /* Localization.strings */,
				95034C7227765C43006E37CD /* Info.plist */,
				95034C7B277745A3006E37CD /* GoogleService-Info.plist */,
			);
			path = ServicesApp;
			sourceTree = "<group>";
		};
		95034C7827766619006E37CD /* Model */ = {
			isa = PBXGroup;
			children = (
				95034CB72778617B006E37CD /* User.swift */,
				95034CB92778618A006E37CD /* Service.swift */,
				95034CBB277861AA006E37CD /* Request.swift */,
				95B8322D2780C88D00D674C4 /* Message.swift */,
				95471D4A279C8A210033BA6E /* Information.swift */,
			);
			path = Model;
			sourceTree = "<group>";
		};
		95034C7927766635006E37CD /* View */ = {
			isa = PBXGroup;
			children = (
				95034C6D27765C43006E37CD /* Assets.xcassets */,
				95471D4E279C8B5B0033BA6E /* choose.json */,
				95471D4D279C8B5B0033BA6E /* conversation.json */,
				95471D4C279C8B5B0033BA6E /* send.json */,
				95471D48279C81320033BA6E /* deliveryservice.json */,
				95471D46279C73CC0033BA6E /* map.json */,
				95034C6F27765C43006E37CD /* LaunchScreen.storyboard */,
				95034C6A27765C40006E37CD /* Main.storyboard */,
				95034CC32778C4AE006E37CD /* ServiceCollectionViewCell.swift */,
				95034CC72778DBEE006E37CD /* ServiceSelectionTableViewCell.swift */,
				955042DC27870F84002A0071 /* ChatTableViewCell.swift */,
			);
			path = View;
			sourceTree = "<group>";
		};
		95034C7A27766644006E37CD /* Controller */ = {
			isa = PBXGroup;
			children = (
				95034C7D27774B41006E37CD /* LoginViewController.swift */,
				95034C7F27774B6E006E37CD /* RegistrationViewController.swift */,
				95034C6827765C40006E37CD /* LandingViewController.swift */,
				95034CBD27789578006E37CD /* RequestDetailsViewController.swift */,
				95034CBF2778BC06006E37CD /* UserRequestsViewController.swift */,
				95034CC12778C449006E37CD /* ServicesViewController.swift */,
				95034CC52778D7CB006E37CD /* ServiceSelectionViewController.swift */,
				95034CC92778E7A5006E37CD /* UserProfileViewController.swift */,
				95034CCB2778F3D5006E37CD /* ServiceProvidersViewController.swift */,
				9515C523277D8A8500205358 /* EditProfileViewController.swift */,
				9515C525277E29D300205358 /* ResetPasswordViewController.swift */,
				95B8322B2780C51600D674C4 /* ChatViewController.swift */,
				950F1B8527846B43005C92D1 /* HamburgerMenuViewController.swift */,
				950F1B872784D5B4005C92D1 /* ProviderTabBarViewController.swift */,
				950F1B892784D7BB005C92D1 /* RequesterTabBarViewController.swift */,
				950F1B8B2785F6F6005C92D1 /* AddServicesViewController.swift */,
				9529302F278DD06D00B000A9 /* ReviewProviderViewController.swift */,
				957391A0279C4FD6006E5119 /* RequestsViewController.swift */,
			);
			path = Controller;
			sourceTree = "<group>";
		};
		95034C8D27778F1E006E37CD /* Utill */ = {
			isa = PBXGroup;
			children = (
				95034C8927778AE9006E37CD /* BundleExtention.swift */,
				95034C8B27778B49006E37CD /* ChangeLanguage.swift */,
				95034C8E27778F53006E37CD /* LodingImage.swift */,
				9576FF8D277F5D7F00E1F583 /* CLLocation.swift */,
				955042D82786ECB4002A0071 /* Activity.swift */,
				955042DA2786ECE4002A0071 /* Alert.swift */,
				95CD0AD9278C8D9F00C0BEF5 /* TableView.swift */,
			);
			path = Utill;
			sourceTree = "<group>";
		};
		C592C9E018646E9C2DBD4C45 /* Frameworks */ = {
			isa = PBXGroup;
			children = (
				D190BE38A46B5CCEFA007495 /* Pods_ServicesApp.framework */,
			);
			name = Frameworks;
			sourceTree = "<group>";
		};
/* End PBXGroup section */

/* Begin PBXNativeTarget section */
		95034C6027765C40006E37CD /* ServicesApp */ = {
			isa = PBXNativeTarget;
			buildConfigurationList = 95034C7527765C43006E37CD /* Build configuration list for PBXNativeTarget "ServicesApp" */;
			buildPhases = (
				48BD9767EAEF926CB40D96BC /* [CP] Check Pods Manifest.lock */,
				95034C5D27765C40006E37CD /* Sources */,
				95034C5E27765C40006E37CD /* Frameworks */,
				95034C5F27765C40006E37CD /* Resources */,
				63662B64B4BAF91733F3D0D7 /* [CP] Embed Pods Frameworks */,
			);
			buildRules = (
			);
			dependencies = (
			);
			name = ServicesApp;
			packageProductDependencies = (
				95B01C3A278C803A00FCD909 /* IQKeyboardManagerSwift */,
				95B01C40278C820800FCD909 /* FirebaseAuth */,
				95B01C42278C820800FCD909 /* FirebaseFirestore */,
				95B01C44278C820800FCD909 /* FirebaseStorage */,
				95A7AE89279338C600E07281 /* AMKeyboardFrameTracker */,
				95471D40279C6EAA0033BA6E /* Lottie */,
				95471D42279C6EAA0033BA6E /* _LottieCore */,
			);
			productName = ServicesApp;
			productReference = 95034C6127765C40006E37CD /* ServicesApp.app */;
			productType = "com.apple.product-type.application";
		};
/* End PBXNativeTarget section */

/* Begin PBXProject section */
		95034C5927765C40006E37CD /* Project object */ = {
			isa = PBXProject;
			attributes = {
				BuildIndependentTargetsInParallel = 1;
				LastSwiftUpdateCheck = 1310;
				LastUpgradeCheck = 1310;
				TargetAttributes = {
					95034C6027765C40006E37CD = {
						CreatedOnToolsVersion = 13.1;
					};
				};
			};
			buildConfigurationList = 95034C5C27765C40006E37CD /* Build configuration list for PBXProject "ServicesApp" */;
			compatibilityVersion = "Xcode 13.0";
			developmentRegion = en;
			hasScannedForEncodings = 0;
			knownRegions = (
				en,
				Base,
				ar,
			);
			mainGroup = 95034C5827765C40006E37CD;
			packageReferences = (
				95B01C39278C803A00FCD909 /* XCRemoteSwiftPackageReference "IQKeyboardManager" */,
				95B01C3F278C820800FCD909 /* XCRemoteSwiftPackageReference "firebase-ios-sdk" */,
				95A7AE88279338C600E07281 /* XCRemoteSwiftPackageReference "AMKeyboardFrameTracker" */,
				95471D3F279C6EAA0033BA6E /* XCRemoteSwiftPackageReference "lottie-ios" */,
			);
			productRefGroup = 95034C6227765C40006E37CD /* Products */;
			projectDirPath = "";
			projectRoot = "";
			targets = (
				95034C6027765C40006E37CD /* ServicesApp */,
			);
		};
/* End PBXProject section */

/* Begin PBXResourcesBuildPhase section */
		95034C5F27765C40006E37CD /* Resources */ = {
			isa = PBXResourcesBuildPhase;
			buildActionMask = 2147483647;
			files = (
				95034CCE2779B250006E37CD /* README.md in Resources */,
				95034CD02779B2B9006E37CD /* .gitignore in Resources */,
				95034C7127765C43006E37CD /* LaunchScreen.storyboard in Resources */,
				95034C6E27765C43006E37CD /* Assets.xcassets in Resources */,
				95471D51279C8B5B0033BA6E /* choose.json in Resources */,
				95034C85277789DA006E37CD /* Localization.strings in Resources */,
				95471D4F279C8B5B0033BA6E /* send.json in Resources */,
				95034C7C277745A3006E37CD /* GoogleService-Info.plist in Resources */,
				95471D47279C73CC0033BA6E /* map.json in Resources */,
				95471D50279C8B5B0033BA6E /* conversation.json in Resources */,
				95034C6C27765C40006E37CD /* Main.storyboard in Resources */,
				95471D49279C81320033BA6E /* deliveryservice.json in Resources */,
			);
			runOnlyForDeploymentPostprocessing = 0;
		};
/* End PBXResourcesBuildPhase section */

/* Begin PBXShellScriptBuildPhase section */
		48BD9767EAEF926CB40D96BC /* [CP] Check Pods Manifest.lock */ = {
			isa = PBXShellScriptBuildPhase;
			buildActionMask = 2147483647;
			files = (
			);
			inputFileListPaths = (
			);
			inputPaths = (
				"${PODS_PODFILE_DIR_PATH}/Podfile.lock",
				"${PODS_ROOT}/Manifest.lock",
			);
			name = "[CP] Check Pods Manifest.lock";
			outputFileListPaths = (
			);
			outputPaths = (
				"$(DERIVED_FILE_DIR)/Pods-ServicesApp-checkManifestLockResult.txt",
			);
			runOnlyForDeploymentPostprocessing = 0;
			shellPath = /bin/sh;
			shellScript = "diff \"${PODS_PODFILE_DIR_PATH}/Podfile.lock\" \"${PODS_ROOT}/Manifest.lock\" > /dev/null\nif [ $? != 0 ] ; then\n    # print error to STDERR\n    echo \"error: The sandbox is not in sync with the Podfile.lock. Run 'pod install' or update your CocoaPods installation.\" >&2\n    exit 1\nfi\n# This output is used by Xcode 'outputs' to avoid re-running this script phase.\necho \"SUCCESS\" > \"${SCRIPT_OUTPUT_FILE_0}\"\n";
			showEnvVarsInLog = 0;
		};
		63662B64B4BAF91733F3D0D7 /* [CP] Embed Pods Frameworks */ = {
			isa = PBXShellScriptBuildPhase;
			buildActionMask = 2147483647;
			files = (
			);
			inputFileListPaths = (
				"${PODS_ROOT}/Target Support Files/Pods-ServicesApp/Pods-ServicesApp-frameworks-${CONFIGURATION}-input-files.xcfilelist",
			);
			name = "[CP] Embed Pods Frameworks";
			outputFileListPaths = (
				"${PODS_ROOT}/Target Support Files/Pods-ServicesApp/Pods-ServicesApp-frameworks-${CONFIGURATION}-output-files.xcfilelist",
			);
			runOnlyForDeploymentPostprocessing = 0;
			shellPath = /bin/sh;
			shellScript = "\"${PODS_ROOT}/Target Support Files/Pods-ServicesApp/Pods-ServicesApp-frameworks.sh\"\n";
			showEnvVarsInLog = 0;
		};
/* End PBXShellScriptBuildPhase section */

/* Begin PBXSourcesBuildPhase section */
		95034C5D27765C40006E37CD /* Sources */ = {
			isa = PBXSourcesBuildPhase;
			buildActionMask = 2147483647;
			files = (
				95034C7E27774B41006E37CD /* LoginViewController.swift in Sources */,
				95034C8A27778AE9006E37CD /* BundleExtention.swift in Sources */,
				955042D92786ECB4002A0071 /* Activity.swift in Sources */,
				95034C6927765C40006E37CD /* LandingViewController.swift in Sources */,
				950F1B8627846B43005C92D1 /* HamburgerMenuViewController.swift in Sources */,
				95293030278DD06D00B000A9 /* ReviewProviderViewController.swift in Sources */,
				95034C6527765C40006E37CD /* AppDelegate.swift in Sources */,
				95034CBC277861AA006E37CD /* Request.swift in Sources */,
				95471D4B279C8A210033BA6E /* Information.swift in Sources */,
				95034CC62778D7CB006E37CD /* ServiceSelectionViewController.swift in Sources */,
				9515C526277E29D400205358 /* ResetPasswordViewController.swift in Sources */,
				95034C8F27778F53006E37CD /* LodingImage.swift in Sources */,
				950F1B8A2784D7BB005C92D1 /* RequesterTabBarViewController.swift in Sources */,
				95034CCA2778E7A5006E37CD /* UserProfileViewController.swift in Sources */,
				9515C524277D8A8500205358 /* EditProfileViewController.swift in Sources */,
				95034CB82778617B006E37CD /* User.swift in Sources */,
				95034CC02778BC06006E37CD /* UserRequestsViewController.swift in Sources */,
				95034CC22778C449006E37CD /* ServicesViewController.swift in Sources */,
				950F1B8C2785F6F6005C92D1 /* AddServicesViewController.swift in Sources */,
				9576FF8E277F5D7F00E1F583 /* CLLocation.swift in Sources */,
				95034CBE27789578006E37CD /* RequestDetailsViewController.swift in Sources */,
				957391A1279C4FD6006E5119 /* RequestsViewController.swift in Sources */,
				95034CC42778C4AE006E37CD /* ServiceCollectionViewCell.swift in Sources */,
				95B8322C2780C51600D674C4 /* ChatViewController.swift in Sources */,
				95034C6727765C40006E37CD /* SceneDelegate.swift in Sources */,
				95034CC82778DBEE006E37CD /* ServiceSelectionTableViewCell.swift in Sources */,
				95034CBA2778618A006E37CD /* Service.swift in Sources */,
				95034C8027774B6E006E37CD /* RegistrationViewController.swift in Sources */,
				950F1B882784D5B4005C92D1 /* ProviderTabBarViewController.swift in Sources */,
				955042DD27870F84002A0071 /* ChatTableViewCell.swift in Sources */,
				95B8322E2780C88D00D674C4 /* Message.swift in Sources */,
				95CD0ADA278C8D9F00C0BEF5 /* TableView.swift in Sources */,
				95034C8C27778B49006E37CD /* ChangeLanguage.swift in Sources */,
				955042DB2786ECE4002A0071 /* Alert.swift in Sources */,
				95034CCC2778F3D5006E37CD /* ServiceProvidersViewController.swift in Sources */,
			);
			runOnlyForDeploymentPostprocessing = 0;
		};
/* End PBXSourcesBuildPhase section */

/* Begin PBXVariantGroup section */
		95034C6A27765C40006E37CD /* Main.storyboard */ = {
			isa = PBXVariantGroup;
			children = (
				95034C6B27765C40006E37CD /* Base */,
				95034C8127778957006E37CD /* ar */,
			);
			name = Main.storyboard;
			sourceTree = "<group>";
		};
		95034C6F27765C43006E37CD /* LaunchScreen.storyboard */ = {
			isa = PBXVariantGroup;
			children = (
				95034C7027765C43006E37CD /* Base */,
				95034C8227778958006E37CD /* ar */,
			);
			name = LaunchScreen.storyboard;
			sourceTree = "<group>";
		};
		95034C87277789DA006E37CD /* Localization.strings */ = {
			isa = PBXVariantGroup;
			children = (
				95034C86277789DA006E37CD /* ar */,
				95034C88277789DB006E37CD /* en */,
			);
			name = Localization.strings;
			sourceTree = "<group>";
		};
/* End PBXVariantGroup section */

/* Begin XCBuildConfiguration section */
		95034C7327765C43006E37CD /* Debug */ = {
			isa = XCBuildConfiguration;
			buildSettings = {
				ALWAYS_SEARCH_USER_PATHS = NO;
				CLANG_ANALYZER_LOCALIZABILITY_NONLOCALIZED = YES;
				CLANG_ANALYZER_NONNULL = YES;
				CLANG_ANALYZER_NUMBER_OBJECT_CONVERSION = YES_AGGRESSIVE;
				CLANG_CXX_LANGUAGE_STANDARD = "gnu++17";
				CLANG_CXX_LIBRARY = "libc++";
				CLANG_ENABLE_MODULES = YES;
				CLANG_ENABLE_OBJC_ARC = YES;
				CLANG_ENABLE_OBJC_WEAK = YES;
				CLANG_WARN_BLOCK_CAPTURE_AUTORELEASING = YES;
				CLANG_WARN_BOOL_CONVERSION = YES;
				CLANG_WARN_COMMA = YES;
				CLANG_WARN_CONSTANT_CONVERSION = YES;
				CLANG_WARN_DEPRECATED_OBJC_IMPLEMENTATIONS = YES;
				CLANG_WARN_DIRECT_OBJC_ISA_USAGE = YES_ERROR;
				CLANG_WARN_DOCUMENTATION_COMMENTS = YES;
				CLANG_WARN_EMPTY_BODY = YES;
				CLANG_WARN_ENUM_CONVERSION = YES;
				CLANG_WARN_INFINITE_RECURSION = YES;
				CLANG_WARN_INT_CONVERSION = YES;
				CLANG_WARN_NON_LITERAL_NULL_CONVERSION = YES;
				CLANG_WARN_OBJC_IMPLICIT_RETAIN_SELF = YES;
				CLANG_WARN_OBJC_LITERAL_CONVERSION = YES;
				CLANG_WARN_OBJC_ROOT_CLASS = YES_ERROR;
				CLANG_WARN_QUOTED_INCLUDE_IN_FRAMEWORK_HEADER = YES;
				CLANG_WARN_RANGE_LOOP_ANALYSIS = YES;
				CLANG_WARN_STRICT_PROTOTYPES = YES;
				CLANG_WARN_SUSPICIOUS_MOVE = YES;
				CLANG_WARN_UNGUARDED_AVAILABILITY = YES_AGGRESSIVE;
				CLANG_WARN_UNREACHABLE_CODE = YES;
				CLANG_WARN__DUPLICATE_METHOD_MATCH = YES;
				COPY_PHASE_STRIP = NO;
				DEBUG_INFORMATION_FORMAT = dwarf;
				ENABLE_STRICT_OBJC_MSGSEND = YES;
				ENABLE_TESTABILITY = YES;
				GCC_C_LANGUAGE_STANDARD = gnu11;
				GCC_DYNAMIC_NO_PIC = NO;
				GCC_NO_COMMON_BLOCKS = YES;
				GCC_OPTIMIZATION_LEVEL = 0;
				GCC_PREPROCESSOR_DEFINITIONS = (
					"DEBUG=1",
					"$(inherited)",
				);
				GCC_WARN_64_TO_32_BIT_CONVERSION = YES;
				GCC_WARN_ABOUT_RETURN_TYPE = YES_ERROR;
				GCC_WARN_UNDECLARED_SELECTOR = YES;
				GCC_WARN_UNINITIALIZED_AUTOS = YES_AGGRESSIVE;
				GCC_WARN_UNUSED_FUNCTION = YES;
				GCC_WARN_UNUSED_VARIABLE = YES;
				IPHONEOS_DEPLOYMENT_TARGET = 15.0;
				MTL_ENABLE_DEBUG_INFO = INCLUDE_SOURCE;
				MTL_FAST_MATH = YES;
				ONLY_ACTIVE_ARCH = YES;
				SDKROOT = iphoneos;
				SWIFT_ACTIVE_COMPILATION_CONDITIONS = DEBUG;
				SWIFT_OPTIMIZATION_LEVEL = "-Onone";
			};
			name = Debug;
		};
		95034C7427765C43006E37CD /* Release */ = {
			isa = XCBuildConfiguration;
			buildSettings = {
				ALWAYS_SEARCH_USER_PATHS = NO;
				CLANG_ANALYZER_LOCALIZABILITY_NONLOCALIZED = YES;
				CLANG_ANALYZER_NONNULL = YES;
				CLANG_ANALYZER_NUMBER_OBJECT_CONVERSION = YES_AGGRESSIVE;
				CLANG_CXX_LANGUAGE_STANDARD = "gnu++17";
				CLANG_CXX_LIBRARY = "libc++";
				CLANG_ENABLE_MODULES = YES;
				CLANG_ENABLE_OBJC_ARC = YES;
				CLANG_ENABLE_OBJC_WEAK = YES;
				CLANG_WARN_BLOCK_CAPTURE_AUTORELEASING = YES;
				CLANG_WARN_BOOL_CONVERSION = YES;
				CLANG_WARN_COMMA = YES;
				CLANG_WARN_CONSTANT_CONVERSION = YES;
				CLANG_WARN_DEPRECATED_OBJC_IMPLEMENTATIONS = YES;
				CLANG_WARN_DIRECT_OBJC_ISA_USAGE = YES_ERROR;
				CLANG_WARN_DOCUMENTATION_COMMENTS = YES;
				CLANG_WARN_EMPTY_BODY = YES;
				CLANG_WARN_ENUM_CONVERSION = YES;
				CLANG_WARN_INFINITE_RECURSION = YES;
				CLANG_WARN_INT_CONVERSION = YES;
				CLANG_WARN_NON_LITERAL_NULL_CONVERSION = YES;
				CLANG_WARN_OBJC_IMPLICIT_RETAIN_SELF = YES;
				CLANG_WARN_OBJC_LITERAL_CONVERSION = YES;
				CLANG_WARN_OBJC_ROOT_CLASS = YES_ERROR;
				CLANG_WARN_QUOTED_INCLUDE_IN_FRAMEWORK_HEADER = YES;
				CLANG_WARN_RANGE_LOOP_ANALYSIS = YES;
				CLANG_WARN_STRICT_PROTOTYPES = YES;
				CLANG_WARN_SUSPICIOUS_MOVE = YES;
				CLANG_WARN_UNGUARDED_AVAILABILITY = YES_AGGRESSIVE;
				CLANG_WARN_UNREACHABLE_CODE = YES;
				CLANG_WARN__DUPLICATE_METHOD_MATCH = YES;
				COPY_PHASE_STRIP = NO;
				DEBUG_INFORMATION_FORMAT = "dwarf-with-dsym";
				ENABLE_NS_ASSERTIONS = NO;
				ENABLE_STRICT_OBJC_MSGSEND = YES;
				GCC_C_LANGUAGE_STANDARD = gnu11;
				GCC_NO_COMMON_BLOCKS = YES;
				GCC_WARN_64_TO_32_BIT_CONVERSION = YES;
				GCC_WARN_ABOUT_RETURN_TYPE = YES_ERROR;
				GCC_WARN_UNDECLARED_SELECTOR = YES;
				GCC_WARN_UNINITIALIZED_AUTOS = YES_AGGRESSIVE;
				GCC_WARN_UNUSED_FUNCTION = YES;
				GCC_WARN_UNUSED_VARIABLE = YES;
				IPHONEOS_DEPLOYMENT_TARGET = 15.0;
				MTL_ENABLE_DEBUG_INFO = NO;
				MTL_FAST_MATH = YES;
				SDKROOT = iphoneos;
				SWIFT_COMPILATION_MODE = wholemodule;
				SWIFT_OPTIMIZATION_LEVEL = "-O";
				VALIDATE_PRODUCT = YES;
			};
			name = Release;
		};
		95034C7627765C43006E37CD /* Debug */ = {
			isa = XCBuildConfiguration;
			baseConfigurationReference = 544BD651AB6403A281A29773 /* Pods-ServicesApp.debug.xcconfig */;
			buildSettings = {
				ASSETCATALOG_COMPILER_APPICON_NAME = AppIcon;
				ASSETCATALOG_COMPILER_GLOBAL_ACCENT_COLOR_NAME = AccentColor;
				CODE_SIGN_ENTITLEMENTS = ServicesApp/ServicesApp.entitlements;
				CODE_SIGN_STYLE = Automatic;
				CURRENT_PROJECT_VERSION = 1;
				DEVELOPMENT_TEAM = 4TAAWH6W7Q;
				GENERATE_INFOPLIST_FILE = YES;
				INFOPLIST_FILE = ServicesApp/Info.plist;
				INFOPLIST_KEY_NSCameraUsageDescription = "";
				INFOPLIST_KEY_NSLocationAlwaysAndWhenInUseUsageDescription = "";
				INFOPLIST_KEY_NSLocationWhenInUseUsageDescription = "";
				INFOPLIST_KEY_NSPhotoLibraryUsageDescription = "";
				INFOPLIST_KEY_UIApplicationSupportsIndirectInputEvents = YES;
				INFOPLIST_KEY_UILaunchStoryboardName = LaunchScreen;
				INFOPLIST_KEY_UIMainStoryboardFile = Main;
				INFOPLIST_KEY_UISupportedInterfaceOrientations_iPad = "UIInterfaceOrientationPortrait UIInterfaceOrientationPortraitUpsideDown UIInterfaceOrientationLandscapeLeft UIInterfaceOrientationLandscapeRight";
				INFOPLIST_KEY_UISupportedInterfaceOrientations_iPhone = "UIInterfaceOrientationPortrait UIInterfaceOrientationLandscapeLeft UIInterfaceOrientationLandscapeRight";
				LD_RUNPATH_SEARCH_PATHS = (
					"$(inherited)",
					"@executable_path/Frameworks",
				);
				MARKETING_VERSION = 1.0;
				PRODUCT_BUNDLE_IDENTIFIER = jawaher.ServicesApp;
				PRODUCT_NAME = "$(TARGET_NAME)";
				SWIFT_EMIT_LOC_STRINGS = YES;
				SWIFT_VERSION = 5.0;
				TARGETED_DEVICE_FAMILY = "1,2";
			};
			name = Debug;
		};
		95034C7727765C43006E37CD /* Release */ = {
			isa = XCBuildConfiguration;
			baseConfigurationReference = 792A4AA6456567611713758F /* Pods-ServicesApp.release.xcconfig */;
			buildSettings = {
				ASSETCATALOG_COMPILER_APPICON_NAME = AppIcon;
				ASSETCATALOG_COMPILER_GLOBAL_ACCENT_COLOR_NAME = AccentColor;
				CODE_SIGN_ENTITLEMENTS = ServicesApp/ServicesApp.entitlements;
				CODE_SIGN_STYLE = Automatic;
				CURRENT_PROJECT_VERSION = 1;
				DEVELOPMENT_TEAM = 4TAAWH6W7Q;
				GENERATE_INFOPLIST_FILE = YES;
				INFOPLIST_FILE = ServicesApp/Info.plist;
				INFOPLIST_KEY_NSCameraUsageDescription = "";
				INFOPLIST_KEY_NSLocationAlwaysAndWhenInUseUsageDescription = "";
				INFOPLIST_KEY_NSLocationWhenInUseUsageDescription = "";
				INFOPLIST_KEY_NSPhotoLibraryUsageDescription = "";
				INFOPLIST_KEY_UIApplicationSupportsIndirectInputEvents = YES;
				INFOPLIST_KEY_UILaunchStoryboardName = LaunchScreen;
				INFOPLIST_KEY_UIMainStoryboardFile = Main;
				INFOPLIST_KEY_UISupportedInterfaceOrientations_iPad = "UIInterfaceOrientationPortrait UIInterfaceOrientationPortraitUpsideDown UIInterfaceOrientationLandscapeLeft UIInterfaceOrientationLandscapeRight";
				INFOPLIST_KEY_UISupportedInterfaceOrientations_iPhone = "UIInterfaceOrientationPortrait UIInterfaceOrientationLandscapeLeft UIInterfaceOrientationLandscapeRight";
				LD_RUNPATH_SEARCH_PATHS = (
					"$(inherited)",
					"@executable_path/Frameworks",
				);
				MARKETING_VERSION = 1.0;
				PRODUCT_BUNDLE_IDENTIFIER = jawaher.ServicesApp;
				PRODUCT_NAME = "$(TARGET_NAME)";
				SWIFT_EMIT_LOC_STRINGS = YES;
				SWIFT_VERSION = 5.0;
				TARGETED_DEVICE_FAMILY = "1,2";
			};
			name = Release;
		};
/* End XCBuildConfiguration section */

/* Begin XCConfigurationList section */
		95034C5C27765C40006E37CD /* Build configuration list for PBXProject "ServicesApp" */ = {
			isa = XCConfigurationList;
			buildConfigurations = (
				95034C7327765C43006E37CD /* Debug */,
				95034C7427765C43006E37CD /* Release */,
			);
			defaultConfigurationIsVisible = 0;
			defaultConfigurationName = Release;
		};
		95034C7527765C43006E37CD /* Build configuration list for PBXNativeTarget "ServicesApp" */ = {
			isa = XCConfigurationList;
			buildConfigurations = (
				95034C7627765C43006E37CD /* Debug */,
				95034C7727765C43006E37CD /* Release */,
			);
			defaultConfigurationIsVisible = 0;
			defaultConfigurationName = Release;
		};
/* End XCConfigurationList section */

/* Begin XCRemoteSwiftPackageReference section */
		95471D3F279C6EAA0033BA6E /* XCRemoteSwiftPackageReference "lottie-ios" */ = {
			isa = XCRemoteSwiftPackageReference;
			repositoryURL = "https://github.com/airbnb/lottie-ios.git";
			requirement = {
				branch = master;
				kind = branch;
			};
		};
		95A7AE88279338C600E07281 /* XCRemoteSwiftPackageReference "AMKeyboardFrameTracker" */ = {
			isa = XCRemoteSwiftPackageReference;
			repositoryURL = "https://github.com/iAmrMohamed/AMKeyboardFrameTracker";
			requirement = {
				kind = upToNextMajorVersion;
				minimumVersion = 1.0.0;
			};
		};
		95B01C39278C803A00FCD909 /* XCRemoteSwiftPackageReference "IQKeyboardManager" */ = {
			isa = XCRemoteSwiftPackageReference;
			repositoryURL = "https://github.com/hackiftekhar/IQKeyboardManager.git";
			requirement = {
				kind = exactVersion;
				version = 6.5.0;
			};
		};
		95B01C3F278C820800FCD909 /* XCRemoteSwiftPackageReference "firebase-ios-sdk" */ = {
			isa = XCRemoteSwiftPackageReference;
			repositoryURL = "https://github.com/firebase/firebase-ios-sdk";
			requirement = {
				branch = master;
				kind = branch;
			};
		};
/* End XCRemoteSwiftPackageReference section */

/* Begin XCSwiftPackageProductDependency section */
		95471D40279C6EAA0033BA6E /* Lottie */ = {
			isa = XCSwiftPackageProductDependency;
			package = 95471D3F279C6EAA0033BA6E /* XCRemoteSwiftPackageReference "lottie-ios" */;
			productName = Lottie;
		};
		95471D42279C6EAA0033BA6E /* _LottieCore */ = {
			isa = XCSwiftPackageProductDependency;
			package = 95471D3F279C6EAA0033BA6E /* XCRemoteSwiftPackageReference "lottie-ios" */;
			productName = _LottieCore;
		};
		95A7AE89279338C600E07281 /* AMKeyboardFrameTracker */ = {
			isa = XCSwiftPackageProductDependency;
			package = 95A7AE88279338C600E07281 /* XCRemoteSwiftPackageReference "AMKeyboardFrameTracker" */;
			productName = AMKeyboardFrameTracker;
		};
		95B01C3A278C803A00FCD909 /* IQKeyboardManagerSwift */ = {
			isa = XCSwiftPackageProductDependency;
			package = 95B01C39278C803A00FCD909 /* XCRemoteSwiftPackageReference "IQKeyboardManager" */;
			productName = IQKeyboardManagerSwift;
		};
		95B01C40278C820800FCD909 /* FirebaseAuth */ = {
			isa = XCSwiftPackageProductDependency;
			package = 95B01C3F278C820800FCD909 /* XCRemoteSwiftPackageReference "firebase-ios-sdk" */;
			productName = FirebaseAuth;
		};
		95B01C42278C820800FCD909 /* FirebaseFirestore */ = {
			isa = XCSwiftPackageProductDependency;
			package = 95B01C3F278C820800FCD909 /* XCRemoteSwiftPackageReference "firebase-ios-sdk" */;
			productName = FirebaseFirestore;
		};
		95B01C44278C820800FCD909 /* FirebaseStorage */ = {
			isa = XCSwiftPackageProductDependency;
			package = 95B01C3F278C820800FCD909 /* XCRemoteSwiftPackageReference "firebase-ios-sdk" */;
			productName = FirebaseStorage;
		};
/* End XCSwiftPackageProductDependency section */
	};
	rootObject = 95034C5927765C40006E37CD /* Project object */;
}
